
Microsoft Visual Studio Solution File, Format Version 12.00
# Visual Studio Version 16
VisualStudioVersion = 16.0.30225.117
MinimumVisualStudioVersion = 10.0.40219.1
Project("{FAE04EC0-301F-11D3-BF4B-00C04F79EFBC}") = "Lab01a-NumbersGame", "Lab01a-NumbersGame\Lab01a-NumbersGame.csproj", "{64DE0D2B-43DA-4169-8F5E-59AC721BE04E}"
EndProject
Global
	GlobalSection(SolutionConfigurationPlatforms) = preSolution
		Debug|Any CPU = Debug|Any CPU
		Release|Any CPU = Release|Any CPU
	EndGlobalSection
	GlobalSection(ProjectConfigurationPlatforms) = postSolution
		{64DE0D2B-43DA-4169-8F5E-59AC721BE04E}.Debug|Any CPU.ActiveCfg = Debug|Any CPU
		{64DE0D2B-43DA-4169-8F5E-59AC721BE04E}.Debug|Any CPU.Build.0 = Debug|Any CPU
		{64DE0D2B-43DA-4169-8F5E-59AC721BE04E}.Release|Any CPU.ActiveCfg = Release|Any CPU
		{64DE0D2B-43DA-4169-8F5E-59AC721BE04E}.Release|Any CPU.Build.0 = Release|Any CPU
	EndGlobalSection
	GlobalSection(SolutionProperties) = preSolution
		HideSolutionNode = FALSE
	EndGlobalSection
	GlobalSection(ExtensibilityGlobals) = postSolution
		SolutionGuid = {3354965F-BFF1-4BB2-ADBA-84CA8972AEE9}
	EndGlobalSection
EndGlobal
